// !$*UTF8*$!
{
	archiveVersion = 1;
	classes = {
	};
	objectVersion = 48;
	objects = {

/* Begin PBXBuildFile section */
		D0AD73FB1F70B65600196621 /* AppDelegate.swift in Sources */ = {isa = PBXBuildFile; fileRef = D0AD73FA1F70B65600196621 /* AppDelegate.swift */; };
		D0AD73FD1F70B65600196621 /* ViewController.swift in Sources */ = {isa = PBXBuildFile; fileRef = D0AD73FC1F70B65600196621 /* ViewController.swift */; };
		D0AD74001F70B65600196621 /* Main.storyboard in Resources */ = {isa = PBXBuildFile; fileRef = D0AD73FE1F70B65600196621 /* Main.storyboard */; };
		D0AD74021F70B65600196621 /* Assets.xcassets in Resources */ = {isa = PBXBuildFile; fileRef = D0AD74011F70B65600196621 /* Assets.xcassets */; };
		D0AD74051F70B65600196621 /* LaunchScreen.storyboard in Resources */ = {isa = PBXBuildFile; fileRef = D0AD74031F70B65600196621 /* LaunchScreen.storyboard */; };
		D0AD74101F70B65600196621 /* loginTests.swift in Sources */ = {isa = PBXBuildFile; fileRef = D0AD740F1F70B65600196621 /* loginTests.swift */; };
		D0AD741B1F70B65600196621 /* loginUITests.swift in Sources */ = {isa = PBXBuildFile; fileRef = D0AD741A1F70B65600196621 /* loginUITests.swift */; };
/* End PBXBuildFile section */

/* Begin PBXContainerItemProxy section */
		D0AD740C1F70B65600196621 /* PBXContainerItemProxy */ = {
			isa = PBXContainerItemProxy;
			containerPortal = D0AD73EF1F70B65500196621 /* Project object */;
			proxyType = 1;
			remoteGlobalIDString = D0AD73F61F70B65600196621;
			remoteInfo = login;
		};
		D0AD74171F70B65600196621 /* PBXContainerItemProxy */ = {
			isa = PBXContainerItemProxy;
			containerPortal = D0AD73EF1F70B65500196621 /* Project object */;
			proxyType = 1;
			remoteGlobalIDString = D0AD73F61F70B65600196621;
			remoteInfo = login;
		};
/* End PBXContainerItemProxy section */

/* Begin PBXFileReference section */
		D0AD73F71F70B65600196621 /* login.app */ = {isa = PBXFileReference; explicitFileType = wrapper.application; includeInIndex = 0; path = login.app; sourceTree = BUILT_PRODUCTS_DIR; };
		D0AD73FA1F70B65600196621 /* AppDelegate.swift */ = {isa = PBXFileReference; lastKnownFileType = sourcecode.swift; path = AppDelegate.swift; sourceTree = "<group>"; };
		D0AD73FC1F70B65600196621 /* ViewController.swift */ = {isa = PBXFileReference; lastKnownFileType = sourcecode.swift; path = ViewController.swift; sourceTree = "<group>"; };
		D0AD73FF1F70B65600196621 /* Base */ = {isa = PBXFileReference; lastKnownFileType = file.storyboard; name = Base; path = Base.lproj/Main.storyboard; sourceTree = "<group>"; };
		D0AD74011F70B65600196621 /* Assets.xcassets */ = {isa = PBXFileReference; lastKnownFileType = folder.assetcatalog; path = Assets.xcassets; sourceTree = "<group>"; };
		D0AD74041F70B65600196621 /* Base */ = {isa = PBXFileReference; lastKnownFileType = file.storyboard; name = Base; path = Base.lproj/LaunchScreen.storyboard; sourceTree = "<group>"; };
		D0AD74061F70B65600196621 /* Info.plist */ = {isa = PBXFileReference; lastKnownFileType = text.plist.xml; path = Info.plist; sourceTree = "<group>"; };
		D0AD740B1F70B65600196621 /* loginTests.xctest */ = {isa = PBXFileReference; explicitFileType = wrapper.cfbundle; includeInIndex = 0; path = loginTests.xctest; sourceTree = BUILT_PRODUCTS_DIR; };
		D0AD740F1F70B65600196621 /* loginTests.swift */ = {isa = PBXFileReference; lastKnownFileType = sourcecode.swift; path = loginTests.swift; sourceTree = "<group>"; };
		D0AD74111F70B65600196621 /* Info.plist */ = {isa = PBXFileReference; lastKnownFileType = text.plist.xml; path = Info.plist; sourceTree = "<group>"; };
		D0AD74161F70B65600196621 /* loginUITests.xctest */ = {isa = PBXFileReference; explicitFileType = wrapper.cfbundle; includeInIndex = 0; path = loginUITests.xctest; sourceTree = BUILT_PRODUCTS_DIR; };
		D0AD741A1F70B65600196621 /* loginUITests.swift */ = {isa = PBXFileReference; lastKnownFileType = sourcecode.swift; path = loginUITests.swift; sourceTree = "<group>"; };
		D0AD741C1F70B65600196621 /* Info.plist */ = {isa = PBXFileReference; lastKnownFileType = text.plist.xml; path = Info.plist; sourceTree = "<group>"; };
/* End PBXFileReference section */

/* Begin PBXFrameworksBuildPhase section */
		D0AD73F41F70B65600196621 /* Frameworks */ = {
			isa = PBXFrameworksBuildPhase;
			buildActionMask = 2147483647;
			files = (
			);
			runOnlyForDeploymentPostprocessing = 0;
		};
		D0AD74081F70B65600196621 /* Frameworks */ = {
			isa = PBXFrameworksBuildPhase;
			buildActionMask = 2147483647;
			files = (
			);
			runOnlyForDeploymentPostprocessing = 0;
		};
		D0AD74131F70B65600196621 /* Frameworks */ = {
			isa = PBXFrameworksBuildPhase;
			buildActionMask = 2147483647;
			files = (
			);
			runOnlyForDeploymentPostprocessing = 0;
		};
/* End PBXFrameworksBuildPhase section */

/* Begin PBXGroup section */
		D0AD73EE1F70B65500196621 = {
			isa = PBXGroup;
			children = (
				D0AD73F91F70B65600196621 /* login */,
				D0AD740E1F70B65600196621 /* loginTests */,
				D0AD74191F70B65600196621 /* loginUITests */,
				D0AD73F81F70B65600196621 /* Products */,
			);
			sourceTree = "<group>";
		};
		D0AD73F81F70B65600196621 /* Products */ = {
			isa = PBXGroup;
			children = (
				D0AD73F71F70B65600196621 /* login.app */,
				D0AD740B1F70B65600196621 /* loginTests.xctest */,
				D0AD74161F70B65600196621 /* loginUITests.xctest */,
			);
			name = Products;
			sourceTree = "<group>";
		};
		D0AD73F91F70B65600196621 /* login */ = {
			isa = PBXGroup;
			children = (
				D0AD73FA1F70B65600196621 /* AppDelegate.swift */,
				D0AD73FC1F70B65600196621 /* ViewController.swift */,
				D0AD73FE1F70B65600196621 /* Main.storyboard */,
				D0AD74011F70B65600196621 /* Assets.xcassets */,
				D0AD74031F70B65600196621 /* LaunchScreen.storyboard */,
				D0AD74061F70B65600196621 /* Info.plist */,
			);
			path = login;
			sourceTree = "<group>";
		};
		D0AD740E1F70B65600196621 /* loginTests */ = {
			isa = PBXGroup;
			children = (
				D0AD740F1F70B65600196621 /* loginTests.swift */,
				D0AD74111F70B65600196621 /* Info.plist */,
			);
			path = loginTests;
			sourceTree = "<group>";
		};
		D0AD74191F70B65600196621 /* loginUITests */ = {
			isa = PBXGroup;
			children = (
				D0AD741A1F70B65600196621 /* loginUITests.swift */,
				D0AD741C1F70B65600196621 /* Info.plist */,
			);
			path = loginUITests;
			sourceTree = "<group>";
		};
/* End PBXGroup section */

/* Begin PBXNativeTarget section */
		D0AD73F61F70B65600196621 /* login */ = {
			isa = PBXNativeTarget;
			buildConfigurationList = D0AD741F1F70B65600196621 /* Build configuration list for PBXNativeTarget "login" */;
			buildPhases = (
				D0AD73F31F70B65600196621 /* Sources */,
				D0AD73F41F70B65600196621 /* Frameworks */,
				D0AD73F51F70B65600196621 /* Resources */,
			);
			buildRules = (
			);
			dependencies = (
			);
			name = login;
			productName = login;
			productReference = D0AD73F71F70B65600196621 /* login.app */;
			productType = "com.apple.product-type.application";
		};
		D0AD740A1F70B65600196621 /* loginTests */ = {
			isa = PBXNativeTarget;
			buildConfigurationList = D0AD74221F70B65600196621 /* Build configuration list for PBXNativeTarget "loginTests" */;
			buildPhases = (
				D0AD74071F70B65600196621 /* Sources */,
				D0AD74081F70B65600196621 /* Frameworks */,
				D0AD74091F70B65600196621 /* Resources */,
			);
			buildRules = (
			);
			dependencies = (
				D0AD740D1F70B65600196621 /* PBXTargetDependency */,
			);
			name = loginTests;
			productName = loginTests;
			productReference = D0AD740B1F70B65600196621 /* loginTests.xctest */;
			productType = "com.apple.product-type.bundle.unit-test";
		};
		D0AD74151F70B65600196621 /* loginUITests */ = {
			isa = PBXNativeTarget;
			buildConfigurationList = D0AD74251F70B65600196621 /* Build configuration list for PBXNativeTarget "loginUITests" */;
			buildPhases = (
				D0AD74121F70B65600196621 /* Sources */,
				D0AD74131F70B65600196621 /* Frameworks */,
				D0AD74141F70B65600196621 /* Resources */,
			);
			buildRules = (
			);
			dependencies = (
				D0AD74181F70B65600196621 /* PBXTargetDependency */,
			);
			name = loginUITests;
			productName = loginUITests;
			productReference = D0AD74161F70B65600196621 /* loginUITests.xctest */;
			productType = "com.apple.product-type.bundle.ui-testing";
		};
/* End PBXNativeTarget section */

/* Begin PBXProject section */
		D0AD73EF1F70B65500196621 /* Project object */ = {
			isa = PBXProject;
			attributes = {
				LastSwiftUpdateCheck = 0900;
				LastUpgradeCheck = 0900;
				ORGANIZATIONNAME = "Zeyana Ayesha Musthafa";
				TargetAttributes = {
					D0AD73F61F70B65600196621 = {
						CreatedOnToolsVersion = 9.0;
						ProvisioningStyle = Automatic;
					};
					D0AD740A1F70B65600196621 = {
						CreatedOnToolsVersion = 9.0;
						ProvisioningStyle = Automatic;
						TestTargetID = D0AD73F61F70B65600196621;
					};
					D0AD74151F70B65600196621 = {
						CreatedOnToolsVersion = 9.0;
						ProvisioningStyle = Automatic;
						TestTargetID = D0AD73F61F70B65600196621;
					};
				};
			};
			buildConfigurationList = D0AD73F21F70B65500196621 /* Build configuration list for PBXProject "login" */;
			compatibilityVersion = "Xcode 8.0";
			developmentRegion = en;
			hasScannedForEncodings = 0;
			knownRegions = (
				en,
				Base,
			);
			mainGroup = D0AD73EE1F70B65500196621;
			productRefGroup = D0AD73F81F70B65600196621 /* Products */;
			projectDirPath = "";
			projectRoot = "";
			targets = (
				D0AD73F61F70B65600196621 /* login */,
				D0AD740A1F70B65600196621 /* loginTests */,
				D0AD74151F70B65600196621 /* loginUITests */,
			);
		};
/* End PBXProject section */

/* Begin PBXResourcesBuildPhase section */
		D0AD73F51F70B65600196621 /* Resources */ = {
			isa = PBXResourcesBuildPhase;
			buildActionMask = 2147483647;
			files = (
				D0AD74051F70B65600196621 /* LaunchScreen.storyboard in Resources */,
				D0AD74021F70B65600196621 /* Assets.xcassets in Resources */,
				D0AD74001F70B65600196621 /* Main.storyboard in Resources */,
			);
			runOnlyForDeploymentPostprocessing = 0;
		};
		D0AD74091F70B65600196621 /* Resources */ = {
			isa = PBXResourcesBuildPhase;
			buildActionMask = 2147483647;
			files = (
			);
			runOnlyForDeploymentPostprocessing = 0;
		};
		D0AD74141F70B65600196621 /* Resources */ = {
			isa = PBXResourcesBuildPhase;
			buildActionMask = 2147483647;
			files = (
			);
			runOnlyForDeploymentPostprocessing = 0;
		};
/* End PBXResourcesBuildPhase section */

/* Begin PBXSourcesBuildPhase section */
		D0AD73F31F70B65600196621 /* Sources */ = {
			isa = PBXSourcesBuildPhase;
			buildActionMask = 2147483647;
			files = (
				D0AD73FD1F70B65600196621 /* ViewController.swift in Sources */,
				D0AD73FB1F70B65600196621 /* AppDelegate.swift in Sources */,
			);
			runOnlyForDeploymentPostprocessing = 0;
		};
		D0AD74071F70B65600196621 /* Sources */ = {
			isa = PBXSourcesBuildPhase;
			buildActionMask = 2147483647;
			files = (
				D0AD74101F70B65600196621 /* loginTests.swift in Sources */,
			);
			runOnlyForDeploymentPostprocessing = 0;
		};
		D0AD74121F70B65600196621 /* Sources */ = {
			isa = PBXSourcesBuildPhase;
			buildActionMask = 2147483647;
			files = (
				D0AD741B1F70B65600196621 /* loginUITests.swift in Sources */,
			);
			runOnlyForDeploymentPostprocessing = 0;
		};
/* End PBXSourcesBuildPhase section */

/* Begin PBXTargetDependency section */
		D0AD740D1F70B65600196621 /* PBXTargetDependency */ = {
			isa = PBXTargetDependency;
			target = D0AD73F61F70B65600196621 /* login */;
			targetProxy = D0AD740C1F70B65600196621 /* PBXContainerItemProxy */;
		};
		D0AD74181F70B65600196621 /* PBXTargetDependency */ = {
			isa = PBXTargetDependency;
			target = D0AD73F61F70B65600196621 /* login */;
			targetProxy = D0AD74171F70B65600196621 /* PBXContainerItemProxy */;
		};
/* End PBXTargetDependency section */

/* Begin PBXVariantGroup section */
		D0AD73FE1F70B65600196621 /* Main.storyboard */ = {
			isa = PBXVariantGroup;
			children = (
				D0AD73FF1F70B65600196621 /* Base */,
			);
			name = Main.storyboard;
			sourceTree = "<group>";
		};
		D0AD74031F70B65600196621 /* LaunchScreen.storyboard */ = {
			isa = PBXVariantGroup;
			children = (
				D0AD74041F70B65600196621 /* Base */,
			);
			name = LaunchScreen.storyboard;
			sourceTree = "<group>";
		};
/* End PBXVariantGroup section */

/* Begin XCBuildConfiguration section */
		D0AD741D1F70B65600196621 /* Debug */ = {
			isa = XCBuildConfiguration;
			buildSettings = {
				ALWAYS_SEARCH_USER_PATHS = NO;
				CLANG_ANALYZER_NONNULL = YES;
				CLANG_ANALYZER_NUMBER_OBJECT_CONVERSION = YES_AGGRESSIVE;
				CLANG_CXX_LANGUAGE_STANDARD = "gnu++14";
				CLANG_CXX_LIBRARY = "libc++";
				CLANG_ENABLE_MODULES = YES;
				CLANG_ENABLE_OBJC_ARC = YES;
				CLANG_WARN_BLOCK_CAPTURE_AUTORELEASING = YES;
				CLANG_WARN_BOOL_CONVERSION = YES;
				CLANG_WARN_COMMA = YES;
				CLANG_WARN_CONSTANT_CONVERSION = YES;
				CLANG_WARN_DIRECT_OBJC_ISA_USAGE = YES_ERROR;
				CLANG_WARN_DOCUMENTATION_COMMENTS = YES;
				CLANG_WARN_EMPTY_BODY = YES;
				CLANG_WARN_ENUM_CONVERSION = YES;
				CLANG_WARN_INFINITE_RECURSION = YES;
				CLANG_WARN_INT_CONVERSION = YES;
				CLANG_WARN_NON_LITERAL_NULL_CONVERSION = YES;
				CLANG_WARN_OBJC_LITERAL_CONVERSION = YES;
				CLANG_WARN_OBJC_ROOT_CLASS = YES_ERROR;
				CLANG_WARN_RANGE_LOOP_ANALYSIS = YES;
				CLANG_WARN_STRICT_PROTOTYPES = YES;
				CLANG_WARN_SUSPICIOUS_MOVE = YES;
				CLANG_WARN_UNGUARDED_AVAILABILITY = YES_AGGRESSIVE;
				CLANG_WARN_UNREACHABLE_CODE = YES;
				CLANG_WARN__DUPLICATE_METHOD_MATCH = YES;
				CODE_SIGN_IDENTITY = "iPhone Developer";
				COPY_PHASE_STRIP = NO;
				DEBUG_INFORMATION_FORMAT = dwarf;
				ENABLE_STRICT_OBJC_MSGSEND = YES;
				ENABLE_TESTABILITY = YES;
				GCC_C_LANGUAGE_STANDARD = gnu11;
				GCC_DYNAMIC_NO_PIC = NO;
				GCC_NO_COMMON_BLOCKS = YES;
				GCC_OPTIMIZATION_LEVEL = 0;
				GCC_PREPROCESSOR_DEFINITIONS = (
					"DEBUG=1",
					"$(inherited)",
				);
				GCC_WARN_64_TO_32_BIT_CONVERSION = YES;
				GCC_WARN_ABOUT_RETURN_TYPE = YES_ERROR;
				GCC_WARN_UNDECLARED_SELECTOR = YES;
				GCC_WARN_UNINITIALIZED_AUTOS = YES_AGGRESSIVE;
				GCC_WARN_UNUSED_FUNCTION = YES;
				GCC_WARN_UNUSED_VARIABLE = YES;
				IPHONEOS_DEPLOYMENT_TARGET = 11.0;
				MTL_ENABLE_DEBUG_INFO = YES;
				ONLY_ACTIVE_ARCH = YES;
				SDKROOT = iphoneos;
				SWIFT_ACTIVE_COMPILATION_CONDITIONS = DEBUG;
				SWIFT_OPTIMIZATION_LEVEL = "-Onone";
			};
			name = Debug;
		};
		D0AD741E1F70B65600196621 /* Release */ = {
			isa = XCBuildConfiguration;
			buildSettings = {
				ALWAYS_SEARCH_USER_PATHS = NO;
				CLANG_ANALYZER_NONNULL = YES;
				CLANG_ANALYZER_NUMBER_OBJECT_CONVERSION = YES_AGGRESSIVE;
				CLANG_CXX_LANGUAGE_STANDARD = "gnu++14";
				CLANG_CXX_LIBRARY = "libc++";
				CLANG_ENABLE_MODULES = YES;
				CLANG_ENABLE_OBJC_ARC = YES;
				CLANG_WARN_BLOCK_CAPTURE_AUTORELEASING = YES;
				CLANG_WARN_BOOL_CONVERSION = YES;
				CLANG_WARN_COMMA = YES;
				CLANG_WARN_CONSTANT_CONVERSION = YES;
				CLANG_WARN_DIRECT_OBJC_ISA_USAGE = YES_ERROR;
				CLANG_WARN_DOCUMENTATION_COMMENTS = YES;
				CLANG_WARN_EMPTY_BODY = YES;
				CLANG_WARN_ENUM_CONVERSION = YES;
				CLANG_WARN_INFINITE_RECURSION = YES;
				CLANG_WARN_INT_CONVERSION = YES;
				CLANG_WARN_NON_LITERAL_NULL_CONVERSION = YES;
				CLANG_WARN_OBJC_LITERAL_CONVERSION = YES;
				CLANG_WARN_OBJC_ROOT_CLASS = YES_ERROR;
				CLANG_WARN_RANGE_LOOP_ANALYSIS = YES;
				CLANG_WARN_STRICT_PROTOTYPES = YES;
				CLANG_WARN_SUSPICIOUS_MOVE = YES;
				CLANG_WARN_UNGUARDED_AVAILABILITY = YES_AGGRESSIVE;
				CLANG_WARN_UNREACHABLE_CODE = YES;
				CLANG_WARN__DUPLICATE_METHOD_MATCH = YES;
				CODE_SIGN_IDENTITY = "iPhone Developer";
				COPY_PHASE_STRIP = NO;
				DEBUG_INFORMATION_FORMAT = "dwarf-with-dsym";
				ENABLE_NS_ASSERTIONS = NO;
				ENABLE_STRICT_OBJC_MSGSEND = YES;
				GCC_C_LANGUAGE_STANDARD = gnu11;
				GCC_NO_COMMON_BLOCKS = YES;
				GCC_WARN_64_TO_32_BIT_CONVERSION = YES;
				GCC_WARN_ABOUT_RETURN_TYPE = YES_ERROR;
				GCC_WARN_UNDECLARED_SELECTOR = YES;
				GCC_WARN_UNINITIALIZED_AUTOS = YES_AGGRESSIVE;
				GCC_WARN_UNUSED_FUNCTION = YES;
				GCC_WARN_UNUSED_VARIABLE = YES;
				IPHONEOS_DEPLOYMENT_TARGET = 11.0;
				MTL_ENABLE_DEBUG_INFO = NO;
				SDKROOT = iphoneos;
				SWIFT_OPTIMIZATION_LEVEL = "-Owholemodule";
				VALIDATE_PRODUCT = YES;
			};
			name = Release;
		};
		D0AD74201F70B65600196621 /* Debug */ = {
			isa = XCBuildConfiguration;
			buildSettings = {
				ASSETCATALOG_COMPILER_APPICON_NAME = AppIcon;
				CODE_SIGN_STYLE = Automatic;
				INFOPLIST_FILE = login/Info.plist;
				LD_RUNPATH_SEARCH_PATHS = "$(inherited) @executable_path/Frameworks";
				PRODUCT_BUNDLE_IDENTIFIER = star.login;
				PRODUCT_NAME = "$(TARGET_NAME)";
				SWIFT_VERSION = 4.0;
				TARGETED_DEVICE_FAMILY = "1,2";
			};
			name = Debug;
		};
		D0AD74211F70B65600196621 /* Release */ = {
			isa = XCBuildConfiguration;
			buildSettings = {
				ASSETCATALOG_COMPILER_APPICON_NAME = AppIcon;
				CODE_SIGN_STYLE = Automatic;
				INFOPLIST_FILE = login/Info.plist;
				LD_RUNPATH_SEARCH_PATHS = "$(inherited) @executable_path/Frameworks";
				PRODUCT_BUNDLE_IDENTIFIER = star.login;
				PRODUCT_NAME = "$(TARGET_NAME)";
				SWIFT_VERSION = 4.0;
				TARGETED_DEVICE_FAMILY = "1,2";
			};
			name = Release;
		};
		D0AD74231F70B65600196621 /* Debug */ = {
			isa = XCBuildConfiguration;
			buildSettings = {
				ALWAYS_EMBED_SWIFT_STANDARD_LIBRARIES = YES;
				BUNDLE_LOADER = "$(TEST_HOST)";
				CODE_SIGN_STYLE = Automatic;
				INFOPLIST_FILE = loginTests/Info.plist;
				LD_RUNPATH_SEARCH_PATHS = "$(inherited) @executable_path/Frameworks @loader_path/Frameworks";
				PRODUCT_BUNDLE_IDENTIFIER = star.loginTests;
				PRODUCT_NAME = "$(TARGET_NAME)";
				SWIFT_VERSION = 4.0;
				TARGETED_DEVICE_FAMILY = "1,2";
				TEST_HOST = "$(BUILT_PRODUCTS_DIR)/login.app/login";
			};
			name = Debug;
		};
		D0AD74241F70B65600196621 /* Release */ = {
			isa = XCBuildConfiguration;
			buildSettings = {
				ALWAYS_EMBED_SWIFT_STANDARD_LIBRARIES = YES;
				BUNDLE_LOADER = "$(TEST_HOST)";
				CODE_SIGN_STYLE = Automatic;
				INFOPLIST_FILE = loginTests/Info.plist;
				LD_RUNPATH_SEARCH_PATHS = "$(inherited) @executable_path/Frameworks @loader_path/Frameworks";
				PRODUCT_BUNDLE_IDENTIFIER = star.loginTests;
				PRODUCT_NAME = "$(TARGET_NAME)";
				SWIFT_VERSION = 4.0;
				TARGETED_DEVICE_FAMILY = "1,2";
				TEST_HOST = "$(BUILT_PRODUCTS_DIR)/login.app/login";
			};
			name = Release;
		};
		D0AD74261F70B65600196621 /* Debug */ = {
			isa = XCBuildConfiguration;
			buildSettings = {
				ALWAYS_EMBED_SWIFT_STANDARD_LIBRARIES = YES;
				CODE_SIGN_STYLE = Automatic;
				INFOPLIST_FILE = loginUITests/Info.plist;
				LD_RUNPATH_SEARCH_PATHS = "$(inherited) @executable_path/Frameworks @loader_path/Frameworks";
				PRODUCT_BUNDLE_IDENTIFIER = star.loginUITests;
				PRODUCT_NAME = "$(TARGET_NAME)";
				SWIFT_VERSION = 4.0;
				TARGETED_DEVICE_FAMILY = "1,2";
				TEST_TARGET_NAME = login;
			};
			name = Debug;
		};
		D0AD74271F70B65600196621 /* Release */ = {
			isa = XCBuildConfiguration;
			buildSettings = {
				ALWAYS_EMBED_SWIFT_STANDARD_LIBRARIES = YES;
				CODE_SIGN_STYLE = Automatic;
				INFOPLIST_FILE = loginUITests/Info.plist;
				LD_RUNPATH_SEARCH_PATHS = "$(inherited) @executable_path/Frameworks @loader_path/Frameworks";
				PRODUCT_BUNDLE_IDENTIFIER = star.loginUITests;
				PRODUCT_NAME = "$(TARGET_NAME)";
				SWIFT_VERSION = 4.0;
				TARGETED_DEVICE_FAMILY = "1,2";
				TEST_TARGET_NAME = login;
			};
			name = Release;
		};
/* End XCBuildConfiguration section */

/* Begin XCConfigurationList section */
		D0AD73F21F70B65500196621 /* Build configuration list for PBXProject "login" */ = {
			isa = XCConfigurationList;
			buildConfigurations = (
				D0AD741D1F70B65600196621 /* Debug */,
				D0AD741E1F70B65600196621 /* Release */,
			);
			defaultConfigurationIsVisible = 0;
			defaultConfigurationName = Release;
		};
		D0AD741F1F70B65600196621 /* Build configuration list for PBXNativeTarget "login" */ = {
			isa = XCConfigurationList;
			buildConfigurations = (
				D0AD74201F70B65600196621 /* Debug */,
				D0AD74211F70B65600196621 /* Release */,
			);
			defaultConfigurationIsVisible = 0;
			defaultConfigurationName = Release;
		};
		D0AD74221F70B65600196621 /* Build configuration list for PBXNativeTarget "loginTests" */ = {
			isa = XCConfigurationList;
			buildConfigurations = (
				D0AD74231F70B65600196621 /* Debug */,
				D0AD74241F70B65600196621 /* Release */,
			);
			defaultConfigurationIsVisible = 0;
			defaultConfigurationName = Release;
		};
		D0AD74251F70B65600196621 /* Build configuration list for PBXNativeTarget "loginUITests" */ = {
			isa = XCConfigurationList;
			buildConfigurations = (
				D0AD74261F70B65600196621 /* Debug */,
				D0AD74271F70B65600196621 /* Release */,
			);
			defaultConfigurationIsVisible = 0;
			defaultConfigurationName = Release;
		};
/* End XCConfigurationList section */
	};
	rootObject = D0AD73EF1F70B65500196621 /* Project object */;
}
