// !$*UTF8*$!
{
	archiveVersion = 1;
	classes = {
	};
	objectVersion = 48;
	objects = {

/* Begin PBXBuildFile section */
		D08ADF431FBACE43009F858A /* AppDelegate.swift in Sources */ = {isa = PBXBuildFile; fileRef = D08ADF421FBACE43009F858A /* AppDelegate.swift */; };
		D08ADF451FBACE43009F858A /* FirstViewController.swift in Sources */ = {isa = PBXBuildFile; fileRef = D08ADF441FBACE43009F858A /* FirstViewController.swift */; };
		D08ADF471FBACE43009F858A /* SecondViewController.swift in Sources */ = {isa = PBXBuildFile; fileRef = D08ADF461FBACE43009F858A /* SecondViewController.swift */; };
		D08ADF4A1FBACE43009F858A /* Main.storyboard in Resources */ = {isa = PBXBuildFile; fileRef = D08ADF481FBACE43009F858A /* Main.storyboard */; };
		D08ADF4C1FBACE43009F858A /* Assets.xcassets in Resources */ = {isa = PBXBuildFile; fileRef = D08ADF4B1FBACE43009F858A /* Assets.xcassets */; };
		D08ADF4F1FBACE43009F858A /* LaunchScreen.storyboard in Resources */ = {isa = PBXBuildFile; fileRef = D08ADF4D1FBACE43009F858A /* LaunchScreen.storyboard */; };
		D08ADF5A1FBACE43009F858A /* NewsFeedTests.swift in Sources */ = {isa = PBXBuildFile; fileRef = D08ADF591FBACE43009F858A /* NewsFeedTests.swift */; };
		D08ADF651FBACE43009F858A /* NewsFeedUITests.swift in Sources */ = {isa = PBXBuildFile; fileRef = D08ADF641FBACE43009F858A /* NewsFeedUITests.swift */; };
/* End PBXBuildFile section */

/* Begin PBXContainerItemProxy section */
		D08ADF561FBACE43009F858A /* PBXContainerItemProxy */ = {
			isa = PBXContainerItemProxy;
			containerPortal = D08ADF371FBACE43009F858A /* Project object */;
			proxyType = 1;
			remoteGlobalIDString = D08ADF3E1FBACE43009F858A;
			remoteInfo = NewsFeed;
		};
		D08ADF611FBACE43009F858A /* PBXContainerItemProxy */ = {
			isa = PBXContainerItemProxy;
			containerPortal = D08ADF371FBACE43009F858A /* Project object */;
			proxyType = 1;
			remoteGlobalIDString = D08ADF3E1FBACE43009F858A;
			remoteInfo = NewsFeed;
		};
/* End PBXContainerItemProxy section */

/* Begin PBXFileReference section */
		D08ADF3F1FBACE43009F858A /* NewsFeed.app */ = {isa = PBXFileReference; explicitFileType = wrapper.application; includeInIndex = 0; path = NewsFeed.app; sourceTree = BUILT_PRODUCTS_DIR; };
		D08ADF421FBACE43009F858A /* AppDelegate.swift */ = {isa = PBXFileReference; lastKnownFileType = sourcecode.swift; path = AppDelegate.swift; sourceTree = "<group>"; };
		D08ADF441FBACE43009F858A /* FirstViewController.swift */ = {isa = PBXFileReference; lastKnownFileType = sourcecode.swift; path = FirstViewController.swift; sourceTree = "<group>"; };
		D08ADF461FBACE43009F858A /* SecondViewController.swift */ = {isa = PBXFileReference; lastKnownFileType = sourcecode.swift; path = SecondViewController.swift; sourceTree = "<group>"; };
		D08ADF491FBACE43009F858A /* Base */ = {isa = PBXFileReference; lastKnownFileType = file.storyboard; name = Base; path = Base.lproj/Main.storyboard; sourceTree = "<group>"; };
		D08ADF4B1FBACE43009F858A /* Assets.xcassets */ = {isa = PBXFileReference; lastKnownFileType = folder.assetcatalog; path = Assets.xcassets; sourceTree = "<group>"; };
		D08ADF4E1FBACE43009F858A /* Base */ = {isa = PBXFileReference; lastKnownFileType = file.storyboard; name = Base; path = Base.lproj/LaunchScreen.storyboard; sourceTree = "<group>"; };
		D08ADF501FBACE43009F858A /* Info.plist */ = {isa = PBXFileReference; lastKnownFileType = text.plist.xml; path = Info.plist; sourceTree = "<group>"; };
		D08ADF551FBACE43009F858A /* NewsFeedTests.xctest */ = {isa = PBXFileReference; explicitFileType = wrapper.cfbundle; includeInIndex = 0; path = NewsFeedTests.xctest; sourceTree = BUILT_PRODUCTS_DIR; };
		D08ADF591FBACE43009F858A /* NewsFeedTests.swift */ = {isa = PBXFileReference; lastKnownFileType = sourcecode.swift; path = NewsFeedTests.swift; sourceTree = "<group>"; };
		D08ADF5B1FBACE43009F858A /* Info.plist */ = {isa = PBXFileReference; lastKnownFileType = text.plist.xml; path = Info.plist; sourceTree = "<group>"; };
		D08ADF601FBACE43009F858A /* NewsFeedUITests.xctest */ = {isa = PBXFileReference; explicitFileType = wrapper.cfbundle; includeInIndex = 0; path = NewsFeedUITests.xctest; sourceTree = BUILT_PRODUCTS_DIR; };
		D08ADF641FBACE43009F858A /* NewsFeedUITests.swift */ = {isa = PBXFileReference; lastKnownFileType = sourcecode.swift; path = NewsFeedUITests.swift; sourceTree = "<group>"; };
		D08ADF661FBACE43009F858A /* Info.plist */ = {isa = PBXFileReference; lastKnownFileType = text.plist.xml; path = Info.plist; sourceTree = "<group>"; };
/* End PBXFileReference section */

/* Begin PBXFrameworksBuildPhase section */
		D08ADF3C1FBACE43009F858A /* Frameworks */ = {
			isa = PBXFrameworksBuildPhase;
			buildActionMask = 2147483647;
			files = (
			);
			runOnlyForDeploymentPostprocessing = 0;
		};
		D08ADF521FBACE43009F858A /* Frameworks */ = {
			isa = PBXFrameworksBuildPhase;
			buildActionMask = 2147483647;
			files = (
			);
			runOnlyForDeploymentPostprocessing = 0;
		};
		D08ADF5D1FBACE43009F858A /* Frameworks */ = {
			isa = PBXFrameworksBuildPhase;
			buildActionMask = 2147483647;
			files = (
			);
			runOnlyForDeploymentPostprocessing = 0;
		};
/* End PBXFrameworksBuildPhase section */

/* Begin PBXGroup section */
		D08ADF361FBACE43009F858A = {
			isa = PBXGroup;
			children = (
				D08ADF411FBACE43009F858A /* NewsFeed */,
				D08ADF581FBACE43009F858A /* NewsFeedTests */,
				D08ADF631FBACE43009F858A /* NewsFeedUITests */,
				D08ADF401FBACE43009F858A /* Products */,
			);
			sourceTree = "<group>";
		};
		D08ADF401FBACE43009F858A /* Products */ = {
			isa = PBXGroup;
			children = (
				D08ADF3F1FBACE43009F858A /* NewsFeed.app */,
				D08ADF551FBACE43009F858A /* NewsFeedTests.xctest */,
				D08ADF601FBACE43009F858A /* NewsFeedUITests.xctest */,
			);
			name = Products;
			sourceTree = "<group>";
		};
		D08ADF411FBACE43009F858A /* NewsFeed */ = {
			isa = PBXGroup;
			children = (
				D08ADF421FBACE43009F858A /* AppDelegate.swift */,
				D08ADF441FBACE43009F858A /* FirstViewController.swift */,
				D08ADF461FBACE43009F858A /* SecondViewController.swift */,
				D08ADF481FBACE43009F858A /* Main.storyboard */,
				D08ADF4B1FBACE43009F858A /* Assets.xcassets */,
				D08ADF4D1FBACE43009F858A /* LaunchScreen.storyboard */,
				D08ADF501FBACE43009F858A /* Info.plist */,
			);
			path = NewsFeed;
			sourceTree = "<group>";
		};
		D08ADF581FBACE43009F858A /* NewsFeedTests */ = {
			isa = PBXGroup;
			children = (
				D08ADF591FBACE43009F858A /* NewsFeedTests.swift */,
				D08ADF5B1FBACE43009F858A /* Info.plist */,
			);
			path = NewsFeedTests;
			sourceTree = "<group>";
		};
		D08ADF631FBACE43009F858A /* NewsFeedUITests */ = {
			isa = PBXGroup;
			children = (
				D08ADF641FBACE43009F858A /* NewsFeedUITests.swift */,
				D08ADF661FBACE43009F858A /* Info.plist */,
			);
			path = NewsFeedUITests;
			sourceTree = "<group>";
		};
/* End PBXGroup section */

/* Begin PBXNativeTarget section */
		D08ADF3E1FBACE43009F858A /* NewsFeed */ = {
			isa = PBXNativeTarget;
			buildConfigurationList = D08ADF691FBACE43009F858A /* Build configuration list for PBXNativeTarget "NewsFeed" */;
			buildPhases = (
				D08ADF3B1FBACE43009F858A /* Sources */,
				D08ADF3C1FBACE43009F858A /* Frameworks */,
				D08ADF3D1FBACE43009F858A /* Resources */,
			);
			buildRules = (
			);
			dependencies = (
			);
			name = NewsFeed;
			productName = NewsFeed;
			productReference = D08ADF3F1FBACE43009F858A /* NewsFeed.app */;
			productType = "com.apple.product-type.application";
		};
		D08ADF541FBACE43009F858A /* NewsFeedTests */ = {
			isa = PBXNativeTarget;
			buildConfigurationList = D08ADF6C1FBACE43009F858A /* Build configuration list for PBXNativeTarget "NewsFeedTests" */;
			buildPhases = (
				D08ADF511FBACE43009F858A /* Sources */,
				D08ADF521FBACE43009F858A /* Frameworks */,
				D08ADF531FBACE43009F858A /* Resources */,
			);
			buildRules = (
			);
			dependencies = (
				D08ADF571FBACE43009F858A /* PBXTargetDependency */,
			);
			name = NewsFeedTests;
			productName = NewsFeedTests;
			productReference = D08ADF551FBACE43009F858A /* NewsFeedTests.xctest */;
			productType = "com.apple.product-type.bundle.unit-test";
		};
		D08ADF5F1FBACE43009F858A /* NewsFeedUITests */ = {
			isa = PBXNativeTarget;
			buildConfigurationList = D08ADF6F1FBACE43009F858A /* Build configuration list for PBXNativeTarget "NewsFeedUITests" */;
			buildPhases = (
				D08ADF5C1FBACE43009F858A /* Sources */,
				D08ADF5D1FBACE43009F858A /* Frameworks */,
				D08ADF5E1FBACE43009F858A /* Resources */,
			);
			buildRules = (
			);
			dependencies = (
				D08ADF621FBACE43009F858A /* PBXTargetDependency */,
			);
			name = NewsFeedUITests;
			productName = NewsFeedUITests;
			productReference = D08ADF601FBACE43009F858A /* NewsFeedUITests.xctest */;
			productType = "com.apple.product-type.bundle.ui-testing";
		};
/* End PBXNativeTarget section */

/* Begin PBXProject section */
		D08ADF371FBACE43009F858A /* Project object */ = {
			isa = PBXProject;
			attributes = {
				LastSwiftUpdateCheck = 0900;
				LastUpgradeCheck = 0900;
				ORGANIZATIONNAME = "Zeyana Ayesha Musthafa";
				TargetAttributes = {
					D08ADF3E1FBACE43009F858A = {
						CreatedOnToolsVersion = 9.0;
						ProvisioningStyle = Automatic;
					};
					D08ADF541FBACE43009F858A = {
						CreatedOnToolsVersion = 9.0;
						ProvisioningStyle = Automatic;
						TestTargetID = D08ADF3E1FBACE43009F858A;
					};
					D08ADF5F1FBACE43009F858A = {
						CreatedOnToolsVersion = 9.0;
						ProvisioningStyle = Automatic;
						TestTargetID = D08ADF3E1FBACE43009F858A;
					};
				};
			};
			buildConfigurationList = D08ADF3A1FBACE43009F858A /* Build configuration list for PBXProject "NewsFeed" */;
			compatibilityVersion = "Xcode 8.0";
			developmentRegion = en;
			hasScannedForEncodings = 0;
			knownRegions = (
				en,
				Base,
			);
			mainGroup = D08ADF361FBACE43009F858A;
			productRefGroup = D08ADF401FBACE43009F858A /* Products */;
			projectDirPath = "";
			projectRoot = "";
			targets = (
				D08ADF3E1FBACE43009F858A /* NewsFeed */,
				D08ADF541FBACE43009F858A /* NewsFeedTests */,
				D08ADF5F1FBACE43009F858A /* NewsFeedUITests */,
			);
		};
/* End PBXProject section */

/* Begin PBXResourcesBuildPhase section */
		D08ADF3D1FBACE43009F858A /* Resources */ = {
			isa = PBXResourcesBuildPhase;
			buildActionMask = 2147483647;
			files = (
				D08ADF4F1FBACE43009F858A /* LaunchScreen.storyboard in Resources */,
				D08ADF4C1FBACE43009F858A /* Assets.xcassets in Resources */,
				D08ADF4A1FBACE43009F858A /* Main.storyboard in Resources */,
			);
			runOnlyForDeploymentPostprocessing = 0;
		};
		D08ADF531FBACE43009F858A /* Resources */ = {
			isa = PBXResourcesBuildPhase;
			buildActionMask = 2147483647;
			files = (
			);
			runOnlyForDeploymentPostprocessing = 0;
		};
		D08ADF5E1FBACE43009F858A /* Resources */ = {
			isa = PBXResourcesBuildPhase;
			buildActionMask = 2147483647;
			files = (
			);
			runOnlyForDeploymentPostprocessing = 0;
		};
/* End PBXResourcesBuildPhase section */

/* Begin PBXSourcesBuildPhase section */
		D08ADF3B1FBACE43009F858A /* Sources */ = {
			isa = PBXSourcesBuildPhase;
			buildActionMask = 2147483647;
			files = (
				D08ADF471FBACE43009F858A /* SecondViewController.swift in Sources */,
				D08ADF431FBACE43009F858A /* AppDelegate.swift in Sources */,
				D08ADF451FBACE43009F858A /* FirstViewController.swift in Sources */,
			);
			runOnlyForDeploymentPostprocessing = 0;
		};
		D08ADF511FBACE43009F858A /* Sources */ = {
			isa = PBXSourcesBuildPhase;
			buildActionMask = 2147483647;
			files = (
				D08ADF5A1FBACE43009F858A /* NewsFeedTests.swift in Sources */,
			);
			runOnlyForDeploymentPostprocessing = 0;
		};
		D08ADF5C1FBACE43009F858A /* Sources */ = {
			isa = PBXSourcesBuildPhase;
			buildActionMask = 2147483647;
			files = (
				D08ADF651FBACE43009F858A /* NewsFeedUITests.swift in Sources */,
			);
			runOnlyForDeploymentPostprocessing = 0;
		};
/* End PBXSourcesBuildPhase section */

/* Begin PBXTargetDependency section */
		D08ADF571FBACE43009F858A /* PBXTargetDependency */ = {
			isa = PBXTargetDependency;
			target = D08ADF3E1FBACE43009F858A /* NewsFeed */;
			targetProxy = D08ADF561FBACE43009F858A /* PBXContainerItemProxy */;
		};
		D08ADF621FBACE43009F858A /* PBXTargetDependency */ = {
			isa = PBXTargetDependency;
			target = D08ADF3E1FBACE43009F858A /* NewsFeed */;
			targetProxy = D08ADF611FBACE43009F858A /* PBXContainerItemProxy */;
		};
/* End PBXTargetDependency section */

/* Begin PBXVariantGroup section */
		D08ADF481FBACE43009F858A /* Main.storyboard */ = {
			isa = PBXVariantGroup;
			children = (
				D08ADF491FBACE43009F858A /* Base */,
			);
			name = Main.storyboard;
			sourceTree = "<group>";
		};
		D08ADF4D1FBACE43009F858A /* LaunchScreen.storyboard */ = {
			isa = PBXVariantGroup;
			children = (
				D08ADF4E1FBACE43009F858A /* Base */,
			);
			name = LaunchScreen.storyboard;
			sourceTree = "<group>";
		};
/* End PBXVariantGroup section */

/* Begin XCBuildConfiguration section */
		D08ADF671FBACE43009F858A /* Debug */ = {
			isa = XCBuildConfiguration;
			buildSettings = {
				ALWAYS_SEARCH_USER_PATHS = NO;
				CLANG_ANALYZER_NONNULL = YES;
				CLANG_ANALYZER_NUMBER_OBJECT_CONVERSION = YES_AGGRESSIVE;
				CLANG_CXX_LANGUAGE_STANDARD = "gnu++14";
				CLANG_CXX_LIBRARY = "libc++";
				CLANG_ENABLE_MODULES = YES;
				CLANG_ENABLE_OBJC_ARC = YES;
				CLANG_WARN_BLOCK_CAPTURE_AUTORELEASING = YES;
				CLANG_WARN_BOOL_CONVERSION = YES;
				CLANG_WARN_COMMA = YES;
				CLANG_WARN_CONSTANT_CONVERSION = YES;
				CLANG_WARN_DIRECT_OBJC_ISA_USAGE = YES_ERROR;
				CLANG_WARN_DOCUMENTATION_COMMENTS = YES;
				CLANG_WARN_EMPTY_BODY = YES;
				CLANG_WARN_ENUM_CONVERSION = YES;
				CLANG_WARN_INFINITE_RECURSION = YES;
				CLANG_WARN_INT_CONVERSION = YES;
				CLANG_WARN_NON_LITERAL_NULL_CONVERSION = YES;
				CLANG_WARN_OBJC_LITERAL_CONVERSION = YES;
				CLANG_WARN_OBJC_ROOT_CLASS = YES_ERROR;
				CLANG_WARN_RANGE_LOOP_ANALYSIS = YES;
				CLANG_WARN_STRICT_PROTOTYPES = YES;
				CLANG_WARN_SUSPICIOUS_MOVE = YES;
				CLANG_WARN_UNGUARDED_AVAILABILITY = YES_AGGRESSIVE;
				CLANG_WARN_UNREACHABLE_CODE = YES;
				CLANG_WARN__DUPLICATE_METHOD_MATCH = YES;
				CODE_SIGN_IDENTITY = "iPhone Developer";
				COPY_PHASE_STRIP = NO;
				DEBUG_INFORMATION_FORMAT = dwarf;
				ENABLE_STRICT_OBJC_MSGSEND = YES;
				ENABLE_TESTABILITY = YES;
				GCC_C_LANGUAGE_STANDARD = gnu11;
				GCC_DYNAMIC_NO_PIC = NO;
				GCC_NO_COMMON_BLOCKS = YES;
				GCC_OPTIMIZATION_LEVEL = 0;
				GCC_PREPROCESSOR_DEFINITIONS = (
					"DEBUG=1",
					"$(inherited)",
				);
				GCC_WARN_64_TO_32_BIT_CONVERSION = YES;
				GCC_WARN_ABOUT_RETURN_TYPE = YES_ERROR;
				GCC_WARN_UNDECLARED_SELECTOR = YES;
				GCC_WARN_UNINITIALIZED_AUTOS = YES_AGGRESSIVE;
				GCC_WARN_UNUSED_FUNCTION = YES;
				GCC_WARN_UNUSED_VARIABLE = YES;
				IPHONEOS_DEPLOYMENT_TARGET = 11.0;
				MTL_ENABLE_DEBUG_INFO = YES;
				ONLY_ACTIVE_ARCH = YES;
				SDKROOT = iphoneos;
				SWIFT_ACTIVE_COMPILATION_CONDITIONS = DEBUG;
				SWIFT_OPTIMIZATION_LEVEL = "-Onone";
			};
			name = Debug;
		};
		D08ADF681FBACE43009F858A /* Release */ = {
			isa = XCBuildConfiguration;
			buildSettings = {
				ALWAYS_SEARCH_USER_PATHS = NO;
				CLANG_ANALYZER_NONNULL = YES;
				CLANG_ANALYZER_NUMBER_OBJECT_CONVERSION = YES_AGGRESSIVE;
				CLANG_CXX_LANGUAGE_STANDARD = "gnu++14";
				CLANG_CXX_LIBRARY = "libc++";
				CLANG_ENABLE_MODULES = YES;
				CLANG_ENABLE_OBJC_ARC = YES;
				CLANG_WARN_BLOCK_CAPTURE_AUTORELEASING = YES;
				CLANG_WARN_BOOL_CONVERSION = YES;
				CLANG_WARN_COMMA = YES;
				CLANG_WARN_CONSTANT_CONVERSION = YES;
				CLANG_WARN_DIRECT_OBJC_ISA_USAGE = YES_ERROR;
				CLANG_WARN_DOCUMENTATION_COMMENTS = YES;
				CLANG_WARN_EMPTY_BODY = YES;
				CLANG_WARN_ENUM_CONVERSION = YES;
				CLANG_WARN_INFINITE_RECURSION = YES;
				CLANG_WARN_INT_CONVERSION = YES;
				CLANG_WARN_NON_LITERAL_NULL_CONVERSION = YES;
				CLANG_WARN_OBJC_LITERAL_CONVERSION = YES;
				CLANG_WARN_OBJC_ROOT_CLASS = YES_ERROR;
				CLANG_WARN_RANGE_LOOP_ANALYSIS = YES;
				CLANG_WARN_STRICT_PROTOTYPES = YES;
				CLANG_WARN_SUSPICIOUS_MOVE = YES;
				CLANG_WARN_UNGUARDED_AVAILABILITY = YES_AGGRESSIVE;
				CLANG_WARN_UNREACHABLE_CODE = YES;
				CLANG_WARN__DUPLICATE_METHOD_MATCH = YES;
				CODE_SIGN_IDENTITY = "iPhone Developer";
				COPY_PHASE_STRIP = NO;
				DEBUG_INFORMATION_FORMAT = "dwarf-with-dsym";
				ENABLE_NS_ASSERTIONS = NO;
				ENABLE_STRICT_OBJC_MSGSEND = YES;
				GCC_C_LANGUAGE_STANDARD = gnu11;
				GCC_NO_COMMON_BLOCKS = YES;
				GCC_WARN_64_TO_32_BIT_CONVERSION = YES;
				GCC_WARN_ABOUT_RETURN_TYPE = YES_ERROR;
				GCC_WARN_UNDECLARED_SELECTOR = YES;
				GCC_WARN_UNINITIALIZED_AUTOS = YES_AGGRESSIVE;
				GCC_WARN_UNUSED_FUNCTION = YES;
				GCC_WARN_UNUSED_VARIABLE = YES;
				IPHONEOS_DEPLOYMENT_TARGET = 11.0;
				MTL_ENABLE_DEBUG_INFO = NO;
				SDKROOT = iphoneos;
				SWIFT_OPTIMIZATION_LEVEL = "-Owholemodule";
				VALIDATE_PRODUCT = YES;
			};
			name = Release;
		};
		D08ADF6A1FBACE43009F858A /* Debug */ = {
			isa = XCBuildConfiguration;
			buildSettings = {
				ASSETCATALOG_COMPILER_APPICON_NAME = AppIcon;
				CODE_SIGN_STYLE = Automatic;
				INFOPLIST_FILE = NewsFeed/Info.plist;
				LD_RUNPATH_SEARCH_PATHS = "$(inherited) @executable_path/Frameworks";
				PRODUCT_BUNDLE_IDENTIFIER = star.NewsFeed;
				PRODUCT_NAME = "$(TARGET_NAME)";
				SWIFT_VERSION = 4.0;
				TARGETED_DEVICE_FAMILY = "1,2";
			};
			name = Debug;
		};
		D08ADF6B1FBACE43009F858A /* Release */ = {
			isa = XCBuildConfiguration;
			buildSettings = {
				ASSETCATALOG_COMPILER_APPICON_NAME = AppIcon;
				CODE_SIGN_STYLE = Automatic;
				INFOPLIST_FILE = NewsFeed/Info.plist;
				LD_RUNPATH_SEARCH_PATHS = "$(inherited) @executable_path/Frameworks";
				PRODUCT_BUNDLE_IDENTIFIER = star.NewsFeed;
				PRODUCT_NAME = "$(TARGET_NAME)";
				SWIFT_VERSION = 4.0;
				TARGETED_DEVICE_FAMILY = "1,2";
			};
			name = Release;
		};
		D08ADF6D1FBACE43009F858A /* Debug */ = {
			isa = XCBuildConfiguration;
			buildSettings = {
				ALWAYS_EMBED_SWIFT_STANDARD_LIBRARIES = YES;
				BUNDLE_LOADER = "$(TEST_HOST)";
				CODE_SIGN_STYLE = Automatic;
				INFOPLIST_FILE = NewsFeedTests/Info.plist;
				LD_RUNPATH_SEARCH_PATHS = "$(inherited) @executable_path/Frameworks @loader_path/Frameworks";
				PRODUCT_BUNDLE_IDENTIFIER = star.NewsFeedTests;
				PRODUCT_NAME = "$(TARGET_NAME)";
				SWIFT_VERSION = 4.0;
				TARGETED_DEVICE_FAMILY = "1,2";
				TEST_HOST = "$(BUILT_PRODUCTS_DIR)/NewsFeed.app/NewsFeed";
			};
			name = Debug;
		};
		D08ADF6E1FBACE43009F858A /* Release */ = {
			isa = XCBuildConfiguration;
			buildSettings = {
				ALWAYS_EMBED_SWIFT_STANDARD_LIBRARIES = YES;
				BUNDLE_LOADER = "$(TEST_HOST)";
				CODE_SIGN_STYLE = Automatic;
				INFOPLIST_FILE = NewsFeedTests/Info.plist;
				LD_RUNPATH_SEARCH_PATHS = "$(inherited) @executable_path/Frameworks @loader_path/Frameworks";
				PRODUCT_BUNDLE_IDENTIFIER = star.NewsFeedTests;
				PRODUCT_NAME = "$(TARGET_NAME)";
				SWIFT_VERSION = 4.0;
				TARGETED_DEVICE_FAMILY = "1,2";
				TEST_HOST = "$(BUILT_PRODUCTS_DIR)/NewsFeed.app/NewsFeed";
			};
			name = Release;
		};
		D08ADF701FBACE43009F858A /* Debug */ = {
			isa = XCBuildConfiguration;
			buildSettings = {
				ALWAYS_EMBED_SWIFT_STANDARD_LIBRARIES = YES;
				CODE_SIGN_STYLE = Automatic;
				INFOPLIST_FILE = NewsFeedUITests/Info.plist;
				LD_RUNPATH_SEARCH_PATHS = "$(inherited) @executable_path/Frameworks @loader_path/Frameworks";
				PRODUCT_BUNDLE_IDENTIFIER = star.NewsFeedUITests;
				PRODUCT_NAME = "$(TARGET_NAME)";
				SWIFT_VERSION = 4.0;
				TARGETED_DEVICE_FAMILY = "1,2";
				TEST_TARGET_NAME = NewsFeed;
			};
			name = Debug;
		};
		D08ADF711FBACE43009F858A /* Release */ = {
			isa = XCBuildConfiguration;
			buildSettings = {
				ALWAYS_EMBED_SWIFT_STANDARD_LIBRARIES = YES;
				CODE_SIGN_STYLE = Automatic;
				INFOPLIST_FILE = NewsFeedUITests/Info.plist;
				LD_RUNPATH_SEARCH_PATHS = "$(inherited) @executable_path/Frameworks @loader_path/Frameworks";
				PRODUCT_BUNDLE_IDENTIFIER = star.NewsFeedUITests;
				PRODUCT_NAME = "$(TARGET_NAME)";
				SWIFT_VERSION = 4.0;
				TARGETED_DEVICE_FAMILY = "1,2";
				TEST_TARGET_NAME = NewsFeed;
			};
			name = Release;
		};
/* End XCBuildConfiguration section */

/* Begin XCConfigurationList section */
		D08ADF3A1FBACE43009F858A /* Build configuration list for PBXProject "NewsFeed" */ = {
			isa = XCConfigurationList;
			buildConfigurations = (
				D08ADF671FBACE43009F858A /* Debug */,
				D08ADF681FBACE43009F858A /* Release */,
			);
			defaultConfigurationIsVisible = 0;
			defaultConfigurationName = Release;
		};
		D08ADF691FBACE43009F858A /* Build configuration list for PBXNativeTarget "NewsFeed" */ = {
			isa = XCConfigurationList;
			buildConfigurations = (
				D08ADF6A1FBACE43009F858A /* Debug */,
				D08ADF6B1FBACE43009F858A /* Release */,
			);
			defaultConfigurationIsVisible = 0;
			defaultConfigurationName = Release;
		};
		D08ADF6C1FBACE43009F858A /* Build configuration list for PBXNativeTarget "NewsFeedTests" */ = {
			isa = XCConfigurationList;
			buildConfigurations = (
				D08ADF6D1FBACE43009F858A /* Debug */,
				D08ADF6E1FBACE43009F858A /* Release */,
			);
			defaultConfigurationIsVisible = 0;
			defaultConfigurationName = Release;
		};
		D08ADF6F1FBACE43009F858A /* Build configuration list for PBXNativeTarget "NewsFeedUITests" */ = {
			isa = XCConfigurationList;
			buildConfigurations = (
				D08ADF701FBACE43009F858A /* Debug */,
				D08ADF711FBACE43009F858A /* Release */,
			);
			defaultConfigurationIsVisible = 0;
			defaultConfigurationName = Release;
		};
/* End XCConfigurationList section */
	};
	rootObject = D08ADF371FBACE43009F858A /* Project object */;
}
