// !$*UTF8*$!
{
	archiveVersion = 1;
	classes = {
	};
	objectVersion = 48;
	objects = {

/* Begin PBXBuildFile section */
		D00F59911FCF68EB00906142 /* AppDelegate.swift in Sources */ = {isa = PBXBuildFile; fileRef = D00F59901FCF68EB00906142 /* AppDelegate.swift */; };
		D00F59931FCF68EB00906142 /* ViewController.swift in Sources */ = {isa = PBXBuildFile; fileRef = D00F59921FCF68EB00906142 /* ViewController.swift */; };
		D00F59961FCF68EB00906142 /* Main.storyboard in Resources */ = {isa = PBXBuildFile; fileRef = D00F59941FCF68EB00906142 /* Main.storyboard */; };
		D00F59991FCF68EB00906142 /* temp.xcdatamodeld in Sources */ = {isa = PBXBuildFile; fileRef = D00F59971FCF68EB00906142 /* temp.xcdatamodeld */; };
		D00F599B1FCF68EB00906142 /* Assets.xcassets in Resources */ = {isa = PBXBuildFile; fileRef = D00F599A1FCF68EB00906142 /* Assets.xcassets */; };
		D00F599E1FCF68EB00906142 /* LaunchScreen.storyboard in Resources */ = {isa = PBXBuildFile; fileRef = D00F599C1FCF68EB00906142 /* LaunchScreen.storyboard */; };
		D00F59A91FCF68EB00906142 /* tempTests.swift in Sources */ = {isa = PBXBuildFile; fileRef = D00F59A81FCF68EB00906142 /* tempTests.swift */; };
		D00F59B41FCF68EB00906142 /* tempUITests.swift in Sources */ = {isa = PBXBuildFile; fileRef = D00F59B31FCF68EB00906142 /* tempUITests.swift */; };
/* End PBXBuildFile section */

/* Begin PBXContainerItemProxy section */
		D00F59A51FCF68EB00906142 /* PBXContainerItemProxy */ = {
			isa = PBXContainerItemProxy;
			containerPortal = D00F59851FCF68EB00906142 /* Project object */;
			proxyType = 1;
			remoteGlobalIDString = D00F598C1FCF68EB00906142;
			remoteInfo = temp;
		};
		D00F59B01FCF68EB00906142 /* PBXContainerItemProxy */ = {
			isa = PBXContainerItemProxy;
			containerPortal = D00F59851FCF68EB00906142 /* Project object */;
			proxyType = 1;
			remoteGlobalIDString = D00F598C1FCF68EB00906142;
			remoteInfo = temp;
		};
/* End PBXContainerItemProxy section */

/* Begin PBXFileReference section */
		D00F598D1FCF68EB00906142 /* temp.app */ = {isa = PBXFileReference; explicitFileType = wrapper.application; includeInIndex = 0; path = temp.app; sourceTree = BUILT_PRODUCTS_DIR; };
		D00F59901FCF68EB00906142 /* AppDelegate.swift */ = {isa = PBXFileReference; lastKnownFileType = sourcecode.swift; path = AppDelegate.swift; sourceTree = "<group>"; };
		D00F59921FCF68EB00906142 /* ViewController.swift */ = {isa = PBXFileReference; lastKnownFileType = sourcecode.swift; path = ViewController.swift; sourceTree = "<group>"; };
		D00F59951FCF68EB00906142 /* Base */ = {isa = PBXFileReference; lastKnownFileType = file.storyboard; name = Base; path = Base.lproj/Main.storyboard; sourceTree = "<group>"; };
		D00F59981FCF68EB00906142 /* temp.xcdatamodel */ = {isa = PBXFileReference; lastKnownFileType = wrapper.xcdatamodel; path = temp.xcdatamodel; sourceTree = "<group>"; };
		D00F599A1FCF68EB00906142 /* Assets.xcassets */ = {isa = PBXFileReference; lastKnownFileType = folder.assetcatalog; path = Assets.xcassets; sourceTree = "<group>"; };
		D00F599D1FCF68EB00906142 /* Base */ = {isa = PBXFileReference; lastKnownFileType = file.storyboard; name = Base; path = Base.lproj/LaunchScreen.storyboard; sourceTree = "<group>"; };
		D00F599F1FCF68EB00906142 /* Info.plist */ = {isa = PBXFileReference; lastKnownFileType = text.plist.xml; path = Info.plist; sourceTree = "<group>"; };
		D00F59A41FCF68EB00906142 /* tempTests.xctest */ = {isa = PBXFileReference; explicitFileType = wrapper.cfbundle; includeInIndex = 0; path = tempTests.xctest; sourceTree = BUILT_PRODUCTS_DIR; };
		D00F59A81FCF68EB00906142 /* tempTests.swift */ = {isa = PBXFileReference; lastKnownFileType = sourcecode.swift; path = tempTests.swift; sourceTree = "<group>"; };
		D00F59AA1FCF68EB00906142 /* Info.plist */ = {isa = PBXFileReference; lastKnownFileType = text.plist.xml; path = Info.plist; sourceTree = "<group>"; };
		D00F59AF1FCF68EB00906142 /* tempUITests.xctest */ = {isa = PBXFileReference; explicitFileType = wrapper.cfbundle; includeInIndex = 0; path = tempUITests.xctest; sourceTree = BUILT_PRODUCTS_DIR; };
		D00F59B31FCF68EB00906142 /* tempUITests.swift */ = {isa = PBXFileReference; lastKnownFileType = sourcecode.swift; path = tempUITests.swift; sourceTree = "<group>"; };
		D00F59B51FCF68EB00906142 /* Info.plist */ = {isa = PBXFileReference; lastKnownFileType = text.plist.xml; path = Info.plist; sourceTree = "<group>"; };
/* End PBXFileReference section */

/* Begin PBXFrameworksBuildPhase section */
		D00F598A1FCF68EB00906142 /* Frameworks */ = {
			isa = PBXFrameworksBuildPhase;
			buildActionMask = 2147483647;
			files = (
			);
			runOnlyForDeploymentPostprocessing = 0;
		};
		D00F59A11FCF68EB00906142 /* Frameworks */ = {
			isa = PBXFrameworksBuildPhase;
			buildActionMask = 2147483647;
			files = (
			);
			runOnlyForDeploymentPostprocessing = 0;
		};
		D00F59AC1FCF68EB00906142 /* Frameworks */ = {
			isa = PBXFrameworksBuildPhase;
			buildActionMask = 2147483647;
			files = (
			);
			runOnlyForDeploymentPostprocessing = 0;
		};
/* End PBXFrameworksBuildPhase section */

/* Begin PBXGroup section */
		D00F59841FCF68EB00906142 = {
			isa = PBXGroup;
			children = (
				D00F598F1FCF68EB00906142 /* temp */,
				D00F59A71FCF68EB00906142 /* tempTests */,
				D00F59B21FCF68EB00906142 /* tempUITests */,
				D00F598E1FCF68EB00906142 /* Products */,
			);
			sourceTree = "<group>";
		};
		D00F598E1FCF68EB00906142 /* Products */ = {
			isa = PBXGroup;
			children = (
				D00F598D1FCF68EB00906142 /* temp.app */,
				D00F59A41FCF68EB00906142 /* tempTests.xctest */,
				D00F59AF1FCF68EB00906142 /* tempUITests.xctest */,
			);
			name = Products;
			sourceTree = "<group>";
		};
		D00F598F1FCF68EB00906142 /* temp */ = {
			isa = PBXGroup;
			children = (
				D00F59901FCF68EB00906142 /* AppDelegate.swift */,
				D00F59921FCF68EB00906142 /* ViewController.swift */,
				D00F59941FCF68EB00906142 /* Main.storyboard */,
				D00F599A1FCF68EB00906142 /* Assets.xcassets */,
				D00F599C1FCF68EB00906142 /* LaunchScreen.storyboard */,
				D00F599F1FCF68EB00906142 /* Info.plist */,
				D00F59971FCF68EB00906142 /* temp.xcdatamodeld */,
			);
			path = temp;
			sourceTree = "<group>";
		};
		D00F59A71FCF68EB00906142 /* tempTests */ = {
			isa = PBXGroup;
			children = (
				D00F59A81FCF68EB00906142 /* tempTests.swift */,
				D00F59AA1FCF68EB00906142 /* Info.plist */,
			);
			path = tempTests;
			sourceTree = "<group>";
		};
		D00F59B21FCF68EB00906142 /* tempUITests */ = {
			isa = PBXGroup;
			children = (
				D00F59B31FCF68EB00906142 /* tempUITests.swift */,
				D00F59B51FCF68EB00906142 /* Info.plist */,
			);
			path = tempUITests;
			sourceTree = "<group>";
		};
/* End PBXGroup section */

/* Begin PBXNativeTarget section */
		D00F598C1FCF68EB00906142 /* temp */ = {
			isa = PBXNativeTarget;
			buildConfigurationList = D00F59B81FCF68EB00906142 /* Build configuration list for PBXNativeTarget "temp" */;
			buildPhases = (
				D00F59891FCF68EB00906142 /* Sources */,
				D00F598A1FCF68EB00906142 /* Frameworks */,
				D00F598B1FCF68EB00906142 /* Resources */,
			);
			buildRules = (
			);
			dependencies = (
			);
			name = temp;
			productName = temp;
			productReference = D00F598D1FCF68EB00906142 /* temp.app */;
			productType = "com.apple.product-type.application";
		};
		D00F59A31FCF68EB00906142 /* tempTests */ = {
			isa = PBXNativeTarget;
			buildConfigurationList = D00F59BB1FCF68EB00906142 /* Build configuration list for PBXNativeTarget "tempTests" */;
			buildPhases = (
				D00F59A01FCF68EB00906142 /* Sources */,
				D00F59A11FCF68EB00906142 /* Frameworks */,
				D00F59A21FCF68EB00906142 /* Resources */,
			);
			buildRules = (
			);
			dependencies = (
				D00F59A61FCF68EB00906142 /* PBXTargetDependency */,
			);
			name = tempTests;
			productName = tempTests;
			productReference = D00F59A41FCF68EB00906142 /* tempTests.xctest */;
			productType = "com.apple.product-type.bundle.unit-test";
		};
		D00F59AE1FCF68EB00906142 /* tempUITests */ = {
			isa = PBXNativeTarget;
			buildConfigurationList = D00F59BE1FCF68EB00906142 /* Build configuration list for PBXNativeTarget "tempUITests" */;
			buildPhases = (
				D00F59AB1FCF68EB00906142 /* Sources */,
				D00F59AC1FCF68EB00906142 /* Frameworks */,
				D00F59AD1FCF68EB00906142 /* Resources */,
			);
			buildRules = (
			);
			dependencies = (
				D00F59B11FCF68EB00906142 /* PBXTargetDependency */,
			);
			name = tempUITests;
			productName = tempUITests;
			productReference = D00F59AF1FCF68EB00906142 /* tempUITests.xctest */;
			productType = "com.apple.product-type.bundle.ui-testing";
		};
/* End PBXNativeTarget section */

/* Begin PBXProject section */
		D00F59851FCF68EB00906142 /* Project object */ = {
			isa = PBXProject;
			attributes = {
				LastSwiftUpdateCheck = 0910;
				LastUpgradeCheck = 0910;
				ORGANIZATIONNAME = "Zeyana Ayesha Musthafa";
				TargetAttributes = {
					D00F598C1FCF68EB00906142 = {
						CreatedOnToolsVersion = 9.1;
						ProvisioningStyle = Automatic;
					};
					D00F59A31FCF68EB00906142 = {
						CreatedOnToolsVersion = 9.1;
						ProvisioningStyle = Automatic;
						TestTargetID = D00F598C1FCF68EB00906142;
					};
					D00F59AE1FCF68EB00906142 = {
						CreatedOnToolsVersion = 9.1;
						ProvisioningStyle = Automatic;
						TestTargetID = D00F598C1FCF68EB00906142;
					};
				};
			};
			buildConfigurationList = D00F59881FCF68EB00906142 /* Build configuration list for PBXProject "temp" */;
			compatibilityVersion = "Xcode 8.0";
			developmentRegion = en;
			hasScannedForEncodings = 0;
			knownRegions = (
				en,
				Base,
			);
			mainGroup = D00F59841FCF68EB00906142;
			productRefGroup = D00F598E1FCF68EB00906142 /* Products */;
			projectDirPath = "";
			projectRoot = "";
			targets = (
				D00F598C1FCF68EB00906142 /* temp */,
				D00F59A31FCF68EB00906142 /* tempTests */,
				D00F59AE1FCF68EB00906142 /* tempUITests */,
			);
		};
/* End PBXProject section */

/* Begin PBXResourcesBuildPhase section */
		D00F598B1FCF68EB00906142 /* Resources */ = {
			isa = PBXResourcesBuildPhase;
			buildActionMask = 2147483647;
			files = (
				D00F599E1FCF68EB00906142 /* LaunchScreen.storyboard in Resources */,
				D00F599B1FCF68EB00906142 /* Assets.xcassets in Resources */,
				D00F59961FCF68EB00906142 /* Main.storyboard in Resources */,
			);
			runOnlyForDeploymentPostprocessing = 0;
		};
		D00F59A21FCF68EB00906142 /* Resources */ = {
			isa = PBXResourcesBuildPhase;
			buildActionMask = 2147483647;
			files = (
			);
			runOnlyForDeploymentPostprocessing = 0;
		};
		D00F59AD1FCF68EB00906142 /* Resources */ = {
			isa = PBXResourcesBuildPhase;
			buildActionMask = 2147483647;
			files = (
			);
			runOnlyForDeploymentPostprocessing = 0;
		};
/* End PBXResourcesBuildPhase section */

/* Begin PBXSourcesBuildPhase section */
		D00F59891FCF68EB00906142 /* Sources */ = {
			isa = PBXSourcesBuildPhase;
			buildActionMask = 2147483647;
			files = (
				D00F59931FCF68EB00906142 /* ViewController.swift in Sources */,
				D00F59911FCF68EB00906142 /* AppDelegate.swift in Sources */,
				D00F59991FCF68EB00906142 /* temp.xcdatamodeld in Sources */,
			);
			runOnlyForDeploymentPostprocessing = 0;
		};
		D00F59A01FCF68EB00906142 /* Sources */ = {
			isa = PBXSourcesBuildPhase;
			buildActionMask = 2147483647;
			files = (
				D00F59A91FCF68EB00906142 /* tempTests.swift in Sources */,
			);
			runOnlyForDeploymentPostprocessing = 0;
		};
		D00F59AB1FCF68EB00906142 /* Sources */ = {
			isa = PBXSourcesBuildPhase;
			buildActionMask = 2147483647;
			files = (
				D00F59B41FCF68EB00906142 /* tempUITests.swift in Sources */,
			);
			runOnlyForDeploymentPostprocessing = 0;
		};
/* End PBXSourcesBuildPhase section */

/* Begin PBXTargetDependency section */
		D00F59A61FCF68EB00906142 /* PBXTargetDependency */ = {
			isa = PBXTargetDependency;
			target = D00F598C1FCF68EB00906142 /* temp */;
			targetProxy = D00F59A51FCF68EB00906142 /* PBXContainerItemProxy */;
		};
		D00F59B11FCF68EB00906142 /* PBXTargetDependency */ = {
			isa = PBXTargetDependency;
			target = D00F598C1FCF68EB00906142 /* temp */;
			targetProxy = D00F59B01FCF68EB00906142 /* PBXContainerItemProxy */;
		};
/* End PBXTargetDependency section */

/* Begin PBXVariantGroup section */
		D00F59941FCF68EB00906142 /* Main.storyboard */ = {
			isa = PBXVariantGroup;
			children = (
				D00F59951FCF68EB00906142 /* Base */,
			);
			name = Main.storyboard;
			sourceTree = "<group>";
		};
		D00F599C1FCF68EB00906142 /* LaunchScreen.storyboard */ = {
			isa = PBXVariantGroup;
			children = (
				D00F599D1FCF68EB00906142 /* Base */,
			);
			name = LaunchScreen.storyboard;
			sourceTree = "<group>";
		};
/* End PBXVariantGroup section */

/* Begin XCBuildConfiguration section */
		D00F59B61FCF68EB00906142 /* Debug */ = {
			isa = XCBuildConfiguration;
			buildSettings = {
				ALWAYS_SEARCH_USER_PATHS = NO;
				CLANG_ANALYZER_NONNULL = YES;
				CLANG_ANALYZER_NUMBER_OBJECT_CONVERSION = YES_AGGRESSIVE;
				CLANG_CXX_LANGUAGE_STANDARD = "gnu++14";
				CLANG_CXX_LIBRARY = "libc++";
				CLANG_ENABLE_MODULES = YES;
				CLANG_ENABLE_OBJC_ARC = YES;
				CLANG_WARN_BLOCK_CAPTURE_AUTORELEASING = YES;
				CLANG_WARN_BOOL_CONVERSION = YES;
				CLANG_WARN_COMMA = YES;
				CLANG_WARN_CONSTANT_CONVERSION = YES;
				CLANG_WARN_DIRECT_OBJC_ISA_USAGE = YES_ERROR;
				CLANG_WARN_DOCUMENTATION_COMMENTS = YES;
				CLANG_WARN_EMPTY_BODY = YES;
				CLANG_WARN_ENUM_CONVERSION = YES;
				CLANG_WARN_INFINITE_RECURSION = YES;
				CLANG_WARN_INT_CONVERSION = YES;
				CLANG_WARN_NON_LITERAL_NULL_CONVERSION = YES;
				CLANG_WARN_OBJC_LITERAL_CONVERSION = YES;
				CLANG_WARN_OBJC_ROOT_CLASS = YES_ERROR;
				CLANG_WARN_RANGE_LOOP_ANALYSIS = YES;
				CLANG_WARN_STRICT_PROTOTYPES = YES;
				CLANG_WARN_SUSPICIOUS_MOVE = YES;
				CLANG_WARN_UNGUARDED_AVAILABILITY = YES_AGGRESSIVE;
				CLANG_WARN_UNREACHABLE_CODE = YES;
				CLANG_WARN__DUPLICATE_METHOD_MATCH = YES;
				CODE_SIGN_IDENTITY = "iPhone Developer";
				COPY_PHASE_STRIP = NO;
				DEBUG_INFORMATION_FORMAT = dwarf;
				ENABLE_STRICT_OBJC_MSGSEND = YES;
				ENABLE_TESTABILITY = YES;
				GCC_C_LANGUAGE_STANDARD = gnu11;
				GCC_DYNAMIC_NO_PIC = NO;
				GCC_NO_COMMON_BLOCKS = YES;
				GCC_OPTIMIZATION_LEVEL = 0;
				GCC_PREPROCESSOR_DEFINITIONS = (
					"DEBUG=1",
					"$(inherited)",
				);
				GCC_WARN_64_TO_32_BIT_CONVERSION = YES;
				GCC_WARN_ABOUT_RETURN_TYPE = YES_ERROR;
				GCC_WARN_UNDECLARED_SELECTOR = YES;
				GCC_WARN_UNINITIALIZED_AUTOS = YES_AGGRESSIVE;
				GCC_WARN_UNUSED_FUNCTION = YES;
				GCC_WARN_UNUSED_VARIABLE = YES;
				IPHONEOS_DEPLOYMENT_TARGET = 11.1;
				MTL_ENABLE_DEBUG_INFO = YES;
				ONLY_ACTIVE_ARCH = YES;
				SDKROOT = iphoneos;
				SWIFT_ACTIVE_COMPILATION_CONDITIONS = DEBUG;
				SWIFT_OPTIMIZATION_LEVEL = "-Onone";
			};
			name = Debug;
		};
		D00F59B71FCF68EB00906142 /* Release */ = {
			isa = XCBuildConfiguration;
			buildSettings = {
				ALWAYS_SEARCH_USER_PATHS = NO;
				CLANG_ANALYZER_NONNULL = YES;
				CLANG_ANALYZER_NUMBER_OBJECT_CONVERSION = YES_AGGRESSIVE;
				CLANG_CXX_LANGUAGE_STANDARD = "gnu++14";
				CLANG_CXX_LIBRARY = "libc++";
				CLANG_ENABLE_MODULES = YES;
				CLANG_ENABLE_OBJC_ARC = YES;
				CLANG_WARN_BLOCK_CAPTURE_AUTORELEASING = YES;
				CLANG_WARN_BOOL_CONVERSION = YES;
				CLANG_WARN_COMMA = YES;
				CLANG_WARN_CONSTANT_CONVERSION = YES;
				CLANG_WARN_DIRECT_OBJC_ISA_USAGE = YES_ERROR;
				CLANG_WARN_DOCUMENTATION_COMMENTS = YES;
				CLANG_WARN_EMPTY_BODY = YES;
				CLANG_WARN_ENUM_CONVERSION = YES;
				CLANG_WARN_INFINITE_RECURSION = YES;
				CLANG_WARN_INT_CONVERSION = YES;
				CLANG_WARN_NON_LITERAL_NULL_CONVERSION = YES;
				CLANG_WARN_OBJC_LITERAL_CONVERSION = YES;
				CLANG_WARN_OBJC_ROOT_CLASS = YES_ERROR;
				CLANG_WARN_RANGE_LOOP_ANALYSIS = YES;
				CLANG_WARN_STRICT_PROTOTYPES = YES;
				CLANG_WARN_SUSPICIOUS_MOVE = YES;
				CLANG_WARN_UNGUARDED_AVAILABILITY = YES_AGGRESSIVE;
				CLANG_WARN_UNREACHABLE_CODE = YES;
				CLANG_WARN__DUPLICATE_METHOD_MATCH = YES;
				CODE_SIGN_IDENTITY = "iPhone Developer";
				COPY_PHASE_STRIP = NO;
				DEBUG_INFORMATION_FORMAT = "dwarf-with-dsym";
				ENABLE_NS_ASSERTIONS = NO;
				ENABLE_STRICT_OBJC_MSGSEND = YES;
				GCC_C_LANGUAGE_STANDARD = gnu11;
				GCC_NO_COMMON_BLOCKS = YES;
				GCC_WARN_64_TO_32_BIT_CONVERSION = YES;
				GCC_WARN_ABOUT_RETURN_TYPE = YES_ERROR;
				GCC_WARN_UNDECLARED_SELECTOR = YES;
				GCC_WARN_UNINITIALIZED_AUTOS = YES_AGGRESSIVE;
				GCC_WARN_UNUSED_FUNCTION = YES;
				GCC_WARN_UNUSED_VARIABLE = YES;
				IPHONEOS_DEPLOYMENT_TARGET = 11.1;
				MTL_ENABLE_DEBUG_INFO = NO;
				SDKROOT = iphoneos;
				SWIFT_OPTIMIZATION_LEVEL = "-Owholemodule";
				VALIDATE_PRODUCT = YES;
			};
			name = Release;
		};
		D00F59B91FCF68EB00906142 /* Debug */ = {
			isa = XCBuildConfiguration;
			buildSettings = {
				ASSETCATALOG_COMPILER_APPICON_NAME = AppIcon;
				CODE_SIGN_STYLE = Automatic;
				INFOPLIST_FILE = temp/Info.plist;
				LD_RUNPATH_SEARCH_PATHS = "$(inherited) @executable_path/Frameworks";
				PRODUCT_BUNDLE_IDENTIFIER = star.temp;
				PRODUCT_NAME = "$(TARGET_NAME)";
				SWIFT_VERSION = 4.0;
				TARGETED_DEVICE_FAMILY = "1,2";
			};
			name = Debug;
		};
		D00F59BA1FCF68EB00906142 /* Release */ = {
			isa = XCBuildConfiguration;
			buildSettings = {
				ASSETCATALOG_COMPILER_APPICON_NAME = AppIcon;
				CODE_SIGN_STYLE = Automatic;
				INFOPLIST_FILE = temp/Info.plist;
				LD_RUNPATH_SEARCH_PATHS = "$(inherited) @executable_path/Frameworks";
				PRODUCT_BUNDLE_IDENTIFIER = star.temp;
				PRODUCT_NAME = "$(TARGET_NAME)";
				SWIFT_VERSION = 4.0;
				TARGETED_DEVICE_FAMILY = "1,2";
			};
			name = Release;
		};
		D00F59BC1FCF68EB00906142 /* Debug */ = {
			isa = XCBuildConfiguration;
			buildSettings = {
				ALWAYS_EMBED_SWIFT_STANDARD_LIBRARIES = YES;
				BUNDLE_LOADER = "$(TEST_HOST)";
				CODE_SIGN_STYLE = Automatic;
				INFOPLIST_FILE = tempTests/Info.plist;
				LD_RUNPATH_SEARCH_PATHS = "$(inherited) @executable_path/Frameworks @loader_path/Frameworks";
				PRODUCT_BUNDLE_IDENTIFIER = star.tempTests;
				PRODUCT_NAME = "$(TARGET_NAME)";
				SWIFT_VERSION = 4.0;
				TARGETED_DEVICE_FAMILY = "1,2";
				TEST_HOST = "$(BUILT_PRODUCTS_DIR)/temp.app/temp";
			};
			name = Debug;
		};
		D00F59BD1FCF68EB00906142 /* Release */ = {
			isa = XCBuildConfiguration;
			buildSettings = {
				ALWAYS_EMBED_SWIFT_STANDARD_LIBRARIES = YES;
				BUNDLE_LOADER = "$(TEST_HOST)";
				CODE_SIGN_STYLE = Automatic;
				INFOPLIST_FILE = tempTests/Info.plist;
				LD_RUNPATH_SEARCH_PATHS = "$(inherited) @executable_path/Frameworks @loader_path/Frameworks";
				PRODUCT_BUNDLE_IDENTIFIER = star.tempTests;
				PRODUCT_NAME = "$(TARGET_NAME)";
				SWIFT_VERSION = 4.0;
				TARGETED_DEVICE_FAMILY = "1,2";
				TEST_HOST = "$(BUILT_PRODUCTS_DIR)/temp.app/temp";
			};
			name = Release;
		};
		D00F59BF1FCF68EB00906142 /* Debug */ = {
			isa = XCBuildConfiguration;
			buildSettings = {
				ALWAYS_EMBED_SWIFT_STANDARD_LIBRARIES = YES;
				CODE_SIGN_STYLE = Automatic;
				INFOPLIST_FILE = tempUITests/Info.plist;
				LD_RUNPATH_SEARCH_PATHS = "$(inherited) @executable_path/Frameworks @loader_path/Frameworks";
				PRODUCT_BUNDLE_IDENTIFIER = star.tempUITests;
				PRODUCT_NAME = "$(TARGET_NAME)";
				SWIFT_VERSION = 4.0;
				TARGETED_DEVICE_FAMILY = "1,2";
				TEST_TARGET_NAME = temp;
			};
			name = Debug;
		};
		D00F59C01FCF68EB00906142 /* Release */ = {
			isa = XCBuildConfiguration;
			buildSettings = {
				ALWAYS_EMBED_SWIFT_STANDARD_LIBRARIES = YES;
				CODE_SIGN_STYLE = Automatic;
				INFOPLIST_FILE = tempUITests/Info.plist;
				LD_RUNPATH_SEARCH_PATHS = "$(inherited) @executable_path/Frameworks @loader_path/Frameworks";
				PRODUCT_BUNDLE_IDENTIFIER = star.tempUITests;
				PRODUCT_NAME = "$(TARGET_NAME)";
				SWIFT_VERSION = 4.0;
				TARGETED_DEVICE_FAMILY = "1,2";
				TEST_TARGET_NAME = temp;
			};
			name = Release;
		};
/* End XCBuildConfiguration section */

/* Begin XCConfigurationList section */
		D00F59881FCF68EB00906142 /* Build configuration list for PBXProject "temp" */ = {
			isa = XCConfigurationList;
			buildConfigurations = (
				D00F59B61FCF68EB00906142 /* Debug */,
				D00F59B71FCF68EB00906142 /* Release */,
			);
			defaultConfigurationIsVisible = 0;
			defaultConfigurationName = Release;
		};
		D00F59B81FCF68EB00906142 /* Build configuration list for PBXNativeTarget "temp" */ = {
			isa = XCConfigurationList;
			buildConfigurations = (
				D00F59B91FCF68EB00906142 /* Debug */,
				D00F59BA1FCF68EB00906142 /* Release */,
			);
			defaultConfigurationIsVisible = 0;
			defaultConfigurationName = Release;
		};
		D00F59BB1FCF68EB00906142 /* Build configuration list for PBXNativeTarget "tempTests" */ = {
			isa = XCConfigurationList;
			buildConfigurations = (
				D00F59BC1FCF68EB00906142 /* Debug */,
				D00F59BD1FCF68EB00906142 /* Release */,
			);
			defaultConfigurationIsVisible = 0;
			defaultConfigurationName = Release;
		};
		D00F59BE1FCF68EB00906142 /* Build configuration list for PBXNativeTarget "tempUITests" */ = {
			isa = XCConfigurationList;
			buildConfigurations = (
				D00F59BF1FCF68EB00906142 /* Debug */,
				D00F59C01FCF68EB00906142 /* Release */,
			);
			defaultConfigurationIsVisible = 0;
			defaultConfigurationName = Release;
		};
/* End XCConfigurationList section */

/* Begin XCVersionGroup section */
		D00F59971FCF68EB00906142 /* temp.xcdatamodeld */ = {
			isa = XCVersionGroup;
			children = (
				D00F59981FCF68EB00906142 /* temp.xcdatamodel */,
			);
			currentVersion = D00F59981FCF68EB00906142 /* temp.xcdatamodel */;
			path = temp.xcdatamodeld;
			sourceTree = "<group>";
			versionGroupType = wrapper.xcdatamodel;
		};
/* End XCVersionGroup section */
	};
	rootObject = D00F59851FCF68EB00906142 /* Project object */;
}
